
Microsoft Visual Studio Solution File, Format Version 12.00
# Visual Studio Version 17
VisualStudioVersion = 17.10.34928.147
MinimumVisualStudioVersion = 10.0.40219.1
Project("{9A19103F-16F7-4668-BE54-9A1E7A4F7556}") = "WeatherBlazorApp1", "WeatherBlazorApp1\WeatherBlazorApp1.csproj", "{93F4E2FC-4388-4EF0-B076-B369B812B004}"
EndProject
Project("{FAE04EC0-301F-11D3-BF4B-00C04F79EFBC}") = "WeatherBlazorApp1.Tests", "WeatherBlazorApp1.Tests\WeatherBlazorApp1.Tests.csproj", "{3983B290-9C32-4F29-A368-7FAC6BEAC920}"
EndProject
Global
	GlobalSection(SolutionConfigurationPlatforms) = preSolution
		Debug|Any CPU = Debug|Any CPU
		Release|Any CPU = Release|Any CPU
	EndGlobalSection
	GlobalSection(ProjectConfigurationPlatforms) = postSolution
		{93F4E2FC-4388-4EF0-B076-B369B812B004}.Debug|Any CPU.ActiveCfg = Debug|Any CPU
		{93F4E2FC-4388-4EF0-B076-B369B812B004}.Debug|Any CPU.Build.0 = Debug|Any CPU
		{93F4E2FC-4388-4EF0-B076-B369B812B004}.Release|Any CPU.ActiveCfg = Release|Any CPU
		{93F4E2FC-4388-4EF0-B076-B369B812B004}.Release|Any CPU.Build.0 = Release|Any CPU
		{3983B290-9C32-4F29-A368-7FAC6BEAC920}.Debug|Any CPU.ActiveCfg = Debug|Any CPU
		{3983B290-9C32-4F29-A368-7FAC6BEAC920}.Debug|Any CPU.Build.0 = Debug|Any CPU
		{3983B290-9C32-4F29-A368-7FAC6BEAC920}.Release|Any CPU.ActiveCfg = Release|Any CPU
		{3983B290-9C32-4F29-A368-7FAC6BEAC920}.Release|Any CPU.Build.0 = Release|Any CPU
	EndGlobalSection
	GlobalSection(SolutionProperties) = preSolution
		HideSolutionNode = FALSE
	EndGlobalSection
	GlobalSection(ExtensibilityGlobals) = postSolution
		SolutionGuid = {2165B47C-40C8-4CB9-95C9-83DCF68B4FBC}
	EndGlobalSection
EndGlobal
